// !$*UTF8*$!
{
	archiveVersion = 1;
	classes = {
	};
	objectVersion = 50;
	objects = {

/* Begin PBXBuildFile section */
		71860F232549D73300D5045E /* ReceiptViewController.swift in Sources */ = {isa = PBXBuildFile; fileRef = 71860F222549D73300D5045E /* ReceiptViewController.swift */; };
		71860F272549DFC100D5045E /* DividerView.swift in Sources */ = {isa = PBXBuildFile; fileRef = 71860F262549DFC100D5045E /* DividerView.swift */; };
		71F0C0C12549A10E00816651 /* AppDelegate.swift in Sources */ = {isa = PBXBuildFile; fileRef = 71F0C0C02549A10E00816651 /* AppDelegate.swift */; };
		71F0C0C32549A10E00816651 /* SceneDelegate.swift in Sources */ = {isa = PBXBuildFile; fileRef = 71F0C0C22549A10E00816651 /* SceneDelegate.swift */; };
		71F0C0C82549A10E00816651 /* Main.storyboard in Resources */ = {isa = PBXBuildFile; fileRef = 71F0C0C62549A10E00816651 /* Main.storyboard */; };
		71F0C0CA2549A10F00816651 /* Assets.xcassets in Resources */ = {isa = PBXBuildFile; fileRef = 71F0C0C92549A10F00816651 /* Assets.xcassets */; };
		71F0C0CD2549A10F00816651 /* LaunchScreen.storyboard in Resources */ = {isa = PBXBuildFile; fileRef = 71F0C0CB2549A10F00816651 /* LaunchScreen.storyboard */; };
/* End PBXBuildFile section */

/* Begin PBXFileReference section */
		71860F222549D73300D5045E /* ReceiptViewController.swift */ = {isa = PBXFileReference; lastKnownFileType = sourcecode.swift; path = ReceiptViewController.swift; sourceTree = "<group>"; };
		71860F262549DFC100D5045E /* DividerView.swift */ = {isa = PBXFileReference; lastKnownFileType = sourcecode.swift; path = DividerView.swift; sourceTree = "<group>"; };
		71F0C0BD2549A10E00816651 /* ReceiptView.app */ = {isa = PBXFileReference; explicitFileType = wrapper.application; includeInIndex = 0; path = ReceiptView.app; sourceTree = BUILT_PRODUCTS_DIR; };
		71F0C0C02549A10E00816651 /* AppDelegate.swift */ = {isa = PBXFileReference; lastKnownFileType = sourcecode.swift; path = AppDelegate.swift; sourceTree = "<group>"; };
		71F0C0C22549A10E00816651 /* SceneDelegate.swift */ = {isa = PBXFileReference; lastKnownFileType = sourcecode.swift; path = SceneDelegate.swift; sourceTree = "<group>"; };
		71F0C0C72549A10E00816651 /* Base */ = {isa = PBXFileReference; lastKnownFileType = file.storyboard; name = Base; path = Base.lproj/Main.storyboard; sourceTree = "<group>"; };
		71F0C0C92549A10F00816651 /* Assets.xcassets */ = {isa = PBXFileReference; lastKnownFileType = folder.assetcatalog; path = Assets.xcassets; sourceTree = "<group>"; };
		71F0C0CC2549A10F00816651 /* Base */ = {isa = PBXFileReference; lastKnownFileType = file.storyboard; name = Base; path = Base.lproj/LaunchScreen.storyboard; sourceTree = "<group>"; };
		71F0C0CE2549A10F00816651 /* Info.plist */ = {isa = PBXFileReference; lastKnownFileType = text.plist.xml; path = Info.plist; sourceTree = "<group>"; };
/* End PBXFileReference section */

/* Begin PBXFrameworksBuildPhase section */
		71F0C0BA2549A10E00816651 /* Frameworks */ = {
			isa = PBXFrameworksBuildPhase;
			buildActionMask = 2147483647;
			files = (
			);
			runOnlyForDeploymentPostprocessing = 0;
		};
/* End PBXFrameworksBuildPhase section */

/* Begin PBXGroup section */
		71F0C0B42549A10E00816651 = {
			isa = PBXGroup;
			children = (
				71F0C0BF2549A10E00816651 /* ReceiptView */,
				71F0C0BE2549A10E00816651 /* Products */,
			);
			sourceTree = "<group>";
		};
		71F0C0BE2549A10E00816651 /* Products */ = {
			isa = PBXGroup;
			children = (
				71F0C0BD2549A10E00816651 /* ReceiptView.app */,
			);
			name = Products;
			sourceTree = "<group>";
		};
		71F0C0BF2549A10E00816651 /* ReceiptView */ = {
			isa = PBXGroup;
			children = (
				71F0C0C02549A10E00816651 /* AppDelegate.swift */,
				71F0C0C22549A10E00816651 /* SceneDelegate.swift */,
				71F0C0C62549A10E00816651 /* Main.storyboard */,
				71F0C0C92549A10F00816651 /* Assets.xcassets */,
				71F0C0CB2549A10F00816651 /* LaunchScreen.storyboard */,
				71F0C0CE2549A10F00816651 /* Info.plist */,
				71860F222549D73300D5045E /* ReceiptViewController.swift */,
				71860F262549DFC100D5045E /* DividerView.swift */,
			);
			path = ReceiptView;
			sourceTree = "<group>";
		};
/* End PBXGroup section */

/* Begin PBXNativeTarget section */
		71F0C0BC2549A10E00816651 /* ReceiptView */ = {
			isa = PBXNativeTarget;
			buildConfigurationList = 71F0C0D12549A10F00816651 /* Build configuration list for PBXNativeTarget "ReceiptView" */;
			buildPhases = (
				71F0C0B92549A10E00816651 /* Sources */,
				71F0C0BA2549A10E00816651 /* Frameworks */,
				71F0C0BB2549A10E00816651 /* Resources */,
			);
			buildRules = (
			);
			dependencies = (
			);
			name = ReceiptView;
			productName = ReceiptView;
			productReference = 71F0C0BD2549A10E00816651 /* ReceiptView.app */;
			productType = "com.apple.product-type.application";
		};
/* End PBXNativeTarget section */

/* Begin PBXProject section */
		71F0C0B52549A10E00816651 /* Project object */ = {
			isa = PBXProject;
			attributes = {
				LastSwiftUpdateCheck = 1140;
				LastUpgradeCheck = 1140;
				ORGANIZATIONNAME = fluffy;
				TargetAttributes = {
					71F0C0BC2549A10E00816651 = {
						CreatedOnToolsVersion = 11.4.1;
					};
				};
			};
			buildConfigurationList = 71F0C0B82549A10E00816651 /* Build configuration list for PBXProject "ReceiptView" */;
			compatibilityVersion = "Xcode 9.3";
			developmentRegion = en;
			hasScannedForEncodings = 0;
			knownRegions = (
				en,
				Base,
			);
			mainGroup = 71F0C0B42549A10E00816651;
			productRefGroup = 71F0C0BE2549A10E00816651 /* Products */;
			projectDirPath = "";
			projectRoot = "";
			targets = (
				71F0C0BC2549A10E00816651 /* ReceiptView */,
			);
		};
/* End PBXProject section */

/* Begin PBXResourcesBuildPhase section */
		71F0C0BB2549A10E00816651 /* Resources */ = {
			isa = PBXResourcesBuildPhase;
			buildActionMask = 2147483647;
			files = (
				71F0C0CD2549A10F00816651 /* LaunchScreen.storyboard in Resources */,
				71F0C0CA2549A10F00816651 /* Assets.xcassets in Resources */,
				71F0C0C82549A10E00816651 /* Main.storyboard in Resources */,
			);
			runOnlyForDeploymentPostprocessing = 0;
		};
/* End PBXResourcesBuildPhase section */

/* Begin PBXSourcesBuildPhase section */
		71F0C0B92549A10E00816651 /* Sources */ = {
			isa = PBXSourcesBuildPhase;
			buildActionMask = 2147483647;
			files = (
				71860F232549D73300D5045E /* ReceiptViewController.swift in Sources */,
				71F0C0C12549A10E00816651 /* AppDelegate.swift in Sources */,
				71F0C0C32549A10E00816651 /* SceneDelegate.swift in Sources */,
				71860F272549DFC100D5045E /* DividerView.swift in Sources */,
			);
			runOnlyForDeploymentPostprocessing = 0;
		};
/* End PBXSourcesBuildPhase section */

/* Begin PBXVariantGroup section */
		71F0C0C62549A10E00816651 /* Main.storyboard */ = {
			isa = PBXVariantGroup;
			children = (
				71F0C0C72549A10E00816651 /* Base */,
			);
			name = Main.storyboard;
			sourceTree = "<group>";
		};
		71F0C0CB2549A10F00816651 /* LaunchScreen.storyboard */ = {
			isa = PBXVariantGroup;
			children = (
				71F0C0CC2549A10F00816651 /* Base */,
			);
			name = LaunchScreen.storyboard;
			sourceTree = "<group>";
		};
/* End PBXVariantGroup section */

/* Begin XCBuildConfiguration section */
		71F0C0CF2549A10F00816651 /* Debug */ = {
			isa = XCBuildConfiguration;
			buildSettings = {
				ALWAYS_SEARCH_USER_PATHS = NO;
				CLANG_ANALYZER_NONNULL = YES;
				CLANG_ANALYZER_NUMBER_OBJECT_CONVERSION = YES_AGGRESSIVE;
				CLANG_CXX_LANGUAGE_STANDARD = "gnu++14";
				CLANG_CXX_LIBRARY = "libc++";
				CLANG_ENABLE_MODULES = YES;
				CLANG_ENABLE_OBJC_ARC = YES;
				CLANG_ENABLE_OBJC_WEAK = YES;
				CLANG_WARN_BLOCK_CAPTURE_AUTORELEASING = YES;
				CLANG_WARN_BOOL_CONVERSION = YES;
				CLANG_WARN_COMMA = YES;
				CLANG_WARN_CONSTANT_CONVERSION = YES;
				CLANG_WARN_DEPRECATED_OBJC_IMPLEMENTATIONS = YES;
				CLANG_WARN_DIRECT_OBJC_ISA_USAGE = YES_ERROR;
				CLANG_WARN_DOCUMENTATION_COMMENTS = YES;
				CLANG_WARN_EMPTY_BODY = YES;
				CLANG_WARN_ENUM_CONVERSION = YES;
				CLANG_WARN_INFINITE_RECURSION = YES;
				CLANG_WARN_INT_CONVERSION = YES;
				CLANG_WARN_NON_LITERAL_NULL_CONVERSION = YES;
				CLANG_WARN_OBJC_IMPLICIT_RETAIN_SELF = YES;
				CLANG_WARN_OBJC_LITERAL_CONVERSION = YES;
				CLANG_WARN_OBJC_ROOT_CLASS = YES_ERROR;
				CLANG_WARN_RANGE_LOOP_ANALYSIS = YES;
				CLANG_WARN_STRICT_PROTOTYPES = YES;
				CLANG_WARN_SUSPICIOUS_MOVE = YES;
				CLANG_WARN_UNGUARDED_AVAILABILITY = YES_AGGRESSIVE;
				CLANG_WARN_UNREACHABLE_CODE = YES;
				CLANG_WARN__DUPLICATE_METHOD_MATCH = YES;
				COPY_PHASE_STRIP = NO;
				DEBUG_INFORMATION_FORMAT = dwarf;
				ENABLE_STRICT_OBJC_MSGSEND = YES;
				ENABLE_TESTABILITY = YES;
				GCC_C_LANGUAGE_STANDARD = gnu11;
				GCC_DYNAMIC_NO_PIC = NO;
				GCC_NO_COMMON_BLOCKS = YES;
				GCC_OPTIMIZATION_LEVEL = 0;
				GCC_PREPROCESSOR_DEFINITIONS = (
					"DEBUG=1",
					"$(inherited)",
				);
				GCC_WARN_64_TO_32_BIT_CONVERSION = YES;
				GCC_WARN_ABOUT_RETURN_TYPE = YES_ERROR;
				GCC_WARN_UNDECLARED_SELECTOR = YES;
				GCC_WARN_UNINITIALIZED_AUTOS = YES_AGGRESSIVE;
				GCC_WARN_UNUSED_FUNCTION = YES;
				GCC_WARN_UNUSED_VARIABLE = YES;
				IPHONEOS_DEPLOYMENT_TARGET = 13.4;
				MTL_ENABLE_DEBUG_INFO = INCLUDE_SOURCE;
				MTL_FAST_MATH = YES;
				ONLY_ACTIVE_ARCH = YES;
				SDKROOT = iphoneos;
				SWIFT_ACTIVE_COMPILATION_CONDITIONS = DEBUG;
				SWIFT_OPTIMIZATION_LEVEL = "-Onone";
			};
			name = Debug;
		};
		71F0C0D02549A10F00816651 /* Release */ = {
			isa = XCBuildConfiguration;
			buildSettings = {
				ALWAYS_SEARCH_USER_PATHS = NO;
				CLANG_ANALYZER_NONNULL = YES;
				CLANG_ANALYZER_NUMBER_OBJECT_CONVERSION = YES_AGGRESSIVE;
				CLANG_CXX_LANGUAGE_STANDARD = "gnu++14";
				CLANG_CXX_LIBRARY = "libc++";
				CLANG_ENABLE_MODULES = YES;
				CLANG_ENABLE_OBJC_ARC = YES;
				CLANG_ENABLE_OBJC_WEAK = YES;
				CLANG_WARN_BLOCK_CAPTURE_AUTORELEASING = YES;
				CLANG_WARN_BOOL_CONVERSION = YES;
				CLANG_WARN_COMMA = YES;
				CLANG_WARN_CONSTANT_CONVERSION = YES;
				CLANG_WARN_DEPRECATED_OBJC_IMPLEMENTATIONS = YES;
				CLANG_WARN_DIRECT_OBJC_ISA_USAGE = YES_ERROR;
				CLANG_WARN_DOCUMENTATION_COMMENTS = YES;
				CLANG_WARN_EMPTY_BODY = YES;
				CLANG_WARN_ENUM_CONVERSION = YES;
				CLANG_WARN_INFINITE_RECURSION = YES;
				CLANG_WARN_INT_CONVERSION = YES;
				CLANG_WARN_NON_LITERAL_NULL_CONVERSION = YES;
				CLANG_WARN_OBJC_IMPLICIT_RETAIN_SELF = YES;
				CLANG_WARN_OBJC_LITERAL_CONVERSION = YES;
				CLANG_WARN_OBJC_ROOT_CLASS = YES_ERROR;
				CLANG_WARN_RANGE_LOOP_ANALYSIS = YES;
				CLANG_WARN_STRICT_PROTOTYPES = YES;
				CLANG_WARN_SUSPICIOUS_MOVE = YES;
				CLANG_WARN_UNGUARDED_AVAILABILITY = YES_AGGRESSIVE;
				CLANG_WARN_UNREACHABLE_CODE = YES;
				CLANG_WARN__DUPLICATE_METHOD_MATCH = YES;
				COPY_PHASE_STRIP = NO;
				DEBUG_INFORMATION_FORMAT = "dwarf-with-dsym";
				ENABLE_NS_ASSERTIONS = NO;
				ENABLE_STRICT_OBJC_MSGSEND = YES;
				GCC_C_LANGUAGE_STANDARD = gnu11;
				GCC_NO_COMMON_BLOCKS = YES;
				GCC_WARN_64_TO_32_BIT_CONVERSION = YES;
				GCC_WARN_ABOUT_RETURN_TYPE = YES_ERROR;
				GCC_WARN_UNDECLARED_SELECTOR = YES;
				GCC_WARN_UNINITIALIZED_AUTOS = YES_AGGRESSIVE;
				GCC_WARN_UNUSED_FUNCTION = YES;
				GCC_WARN_UNUSED_VARIABLE = YES;
				IPHONEOS_DEPLOYMENT_TARGET = 13.4;
				MTL_ENABLE_DEBUG_INFO = NO;
				MTL_FAST_MATH = YES;
				SDKROOT = iphoneos;
				SWIFT_COMPILATION_MODE = wholemodule;
				SWIFT_OPTIMIZATION_LEVEL = "-O";
				VALIDATE_PRODUCT = YES;
			};
			name = Release;
		};
		71F0C0D22549A10F00816651 /* Debug */ = {
			isa = XCBuildConfiguration;
			buildSettings = {
				ASSETCATALOG_COMPILER_APPICON_NAME = AppIcon;
				CODE_SIGN_STYLE = Automatic;
				DEVELOPMENT_TEAM = "";
				INFOPLIST_FILE = ReceiptView/Info.plist;
				LD_RUNPATH_SEARCH_PATHS = (
					"$(inherited)",
					"@executable_path/Frameworks",
				);
				PRODUCT_BUNDLE_IDENTIFIER = es.fluffy.ReceiptView;
				PRODUCT_NAME = "$(TARGET_NAME)";
				SWIFT_VERSION = 5.0;
				TARGETED_DEVICE_FAMILY = "1,2";
			};
			name = Debug;
		};
		71F0C0D32549A10F00816651 /* Release */ = {
			isa = XCBuildConfiguration;
			buildSettings = {
				ASSETCATALOG_COMPILER_APPICON_NAME = AppIcon;
				CODE_SIGN_STYLE = Automatic;
				DEVELOPMENT_TEAM = "";
				INFOPLIST_FILE = ReceiptView/Info.plist;
				LD_RUNPATH_SEARCH_PATHS = (
					"$(inherited)",
					"@executable_path/Frameworks",
				);
				PRODUCT_BUNDLE_IDENTIFIER = es.fluffy.ReceiptView;
				PRODUCT_NAME = "$(TARGET_NAME)";
				SWIFT_VERSION = 5.0;
				TARGETED_DEVICE_FAMILY = "1,2";
			};
			name = Release;
		};
/* End XCBuildConfiguration section */

/* Begin XCConfigurationList section */
		71F0C0B82549A10E00816651 /* Build configuration list for PBXProject "ReceiptView" */ = {
			isa = XCConfigurationList;
			buildConfigurations = (
				71F0C0CF2549A10F00816651 /* Debug */,
				71F0C0D02549A10F00816651 /* Release */,
			);
			defaultConfigurationIsVisible = 0;
			defaultConfigurationName = Release;
		};
		71F0C0D12549A10F00816651 /* Build configuration list for PBXNativeTarget "ReceiptView" */ = {
			isa = XCConfigurationList;
			buildConfigurations = (
				71F0C0D22549A10F00816651 /* Debug */,
				71F0C0D32549A10F00816651 /* Release */,
			);
			defaultConfigurationIsVisible = 0;
			defaultConfigurationName = Release;
		};
/* End XCConfigurationList section */
	};
	rootObject = 71F0C0B52549A10E00816651 /* Project object */;
}
